
Microsoft Visual Studio Solution File, Format Version 12.00
# Visual Studio 15
VisualStudioVersion = 15.0.26124.0
MinimumVisualStudioVersion = 15.0.26124.0
Project("{F2A71F9B-5D33-465A-A702-920D77279786}") = "DogPark.Server", "DogPark.Server\Server.fsproj", "{0B590AF4-EE5E-47A3-A3BB-15C0B05BB706}"
EndProject
Project("{F2A71F9B-5D33-465A-A702-920D77279786}") = "DogPark.Client", "DogPark.Client\Client.fsproj", "{2AD33D3D-3650-406E-BE2A-E7BD9D0FD59A}"
EndProject
Project("{F2A71F9B-5D33-465A-A702-920D77279786}") = "BoleroClientTest.Client", "BoleroClientTest.Client\BoleroClientTest.Client.fsproj", "{AB6655D4-492D-4E74-B2E1-797F11A43563}"
EndProject
Global
	GlobalSection(SolutionConfigurationPlatforms) = preSolution
		Debug|Any CPU = Debug|Any CPU
		Debug|x64 = Debug|x64
		Debug|x86 = Debug|x86
		Release|Any CPU = Release|Any CPU
		Release|x64 = Release|x64
		Release|x86 = Release|x86
	EndGlobalSection
	GlobalSection(SolutionProperties) = preSolution
		HideSolutionNode = FALSE
	EndGlobalSection
	GlobalSection(ProjectConfigurationPlatforms) = postSolution
		{0B590AF4-EE5E-47A3-A3BB-15C0B05BB706}.Debug|Any CPU.ActiveCfg = Debug|Any CPU
		{0B590AF4-EE5E-47A3-A3BB-15C0B05BB706}.Debug|Any CPU.Build.0 = Debug|Any CPU
		{0B590AF4-EE5E-47A3-A3BB-15C0B05BB706}.Debug|x64.ActiveCfg = Debug|Any CPU
		{0B590AF4-EE5E-47A3-A3BB-15C0B05BB706}.Debug|x64.Build.0 = Debug|Any CPU
		{0B590AF4-EE5E-47A3-A3BB-15C0B05BB706}.Debug|x86.ActiveCfg = Debug|Any CPU
		{0B590AF4-EE5E-47A3-A3BB-15C0B05BB706}.Debug|x86.Build.0 = Debug|Any CPU
		{0B590AF4-EE5E-47A3-A3BB-15C0B05BB706}.Release|Any CPU.ActiveCfg = Release|Any CPU
		{0B590AF4-EE5E-47A3-A3BB-15C0B05BB706}.Release|Any CPU.Build.0 = Release|Any CPU
		{0B590AF4-EE5E-47A3-A3BB-15C0B05BB706}.Release|x64.ActiveCfg = Release|Any CPU
		{0B590AF4-EE5E-47A3-A3BB-15C0B05BB706}.Release|x64.Build.0 = Release|Any CPU
		{0B590AF4-EE5E-47A3-A3BB-15C0B05BB706}.Release|x86.ActiveCfg = Release|Any CPU
		{0B590AF4-EE5E-47A3-A3BB-15C0B05BB706}.Release|x86.Build.0 = Release|Any CPU
		{2AD33D3D-3650-406E-BE2A-E7BD9D0FD59A}.Debug|Any CPU.ActiveCfg = Debug|Any CPU
		{2AD33D3D-3650-406E-BE2A-E7BD9D0FD59A}.Debug|Any CPU.Build.0 = Debug|Any CPU
		{2AD33D3D-3650-406E-BE2A-E7BD9D0FD59A}.Debug|x64.ActiveCfg = Debug|Any CPU
		{2AD33D3D-3650-406E-BE2A-E7BD9D0FD59A}.Debug|x64.Build.0 = Debug|Any CPU
		{2AD33D3D-3650-406E-BE2A-E7BD9D0FD59A}.Debug|x86.ActiveCfg = Debug|Any CPU
		{2AD33D3D-3650-406E-BE2A-E7BD9D0FD59A}.Debug|x86.Build.0 = Debug|Any CPU
		{2AD33D3D-3650-406E-BE2A-E7BD9D0FD59A}.Release|Any CPU.ActiveCfg = Release|Any CPU
		{2AD33D3D-3650-406E-BE2A-E7BD9D0FD59A}.Release|Any CPU.Build.0 = Release|Any CPU
		{2AD33D3D-3650-406E-BE2A-E7BD9D0FD59A}.Release|x64.ActiveCfg = Release|Any CPU
		{2AD33D3D-3650-406E-BE2A-E7BD9D0FD59A}.Release|x64.Build.0 = Release|Any CPU
		{2AD33D3D-3650-406E-BE2A-E7BD9D0FD59A}.Release|x86.ActiveCfg = Release|Any CPU
		{2AD33D3D-3650-406E-BE2A-E7BD9D0FD59A}.Release|x86.Build.0 = Release|Any CPU
		{AB6655D4-492D-4E74-B2E1-797F11A43563}.Debug|Any CPU.ActiveCfg = Debug|Any CPU
		{AB6655D4-492D-4E74-B2E1-797F11A43563}.Debug|Any CPU.Build.0 = Debug|Any CPU
		{AB6655D4-492D-4E74-B2E1-797F11A43563}.Debug|x64.ActiveCfg = Debug|Any CPU
		{AB6655D4-492D-4E74-B2E1-797F11A43563}.Debug|x64.Build.0 = Debug|Any CPU
		{AB6655D4-492D-4E74-B2E1-797F11A43563}.Debug|x86.ActiveCfg = Debug|Any CPU
		{AB6655D4-492D-4E74-B2E1-797F11A43563}.Debug|x86.Build.0 = Debug|Any CPU
		{AB6655D4-492D-4E74-B2E1-797F11A43563}.Release|Any CPU.ActiveCfg = Release|Any CPU
		{AB6655D4-492D-4E74-B2E1-797F11A43563}.Release|Any CPU.Build.0 = Release|Any CPU
		{AB6655D4-492D-4E74-B2E1-797F11A43563}.Release|x64.ActiveCfg = Release|Any CPU
		{AB6655D4-492D-4E74-B2E1-797F11A43563}.Release|x64.Build.0 = Release|Any CPU
		{AB6655D4-492D-4E74-B2E1-797F11A43563}.Release|x86.ActiveCfg = Release|Any CPU
		{AB6655D4-492D-4E74-B2E1-797F11A43563}.Release|x86.Build.0 = Release|Any CPU
	EndGlobalSection
EndGlobal
